// !$*UTF8*$!
{
	archiveVersion = 1;
	classes = {
	};
	objectVersion = 46;
	objects = {

/* Begin PBXBuildFile section */
		52EDD721C2D977B18673F0AD /* Pods_HelloLayout.framework in Frameworks */ = {isa = PBXBuildFile; fileRef = 2BB011068484791550DE0543 /* Pods_HelloLayout.framework */; };
		C5EEA51F2AF7D6CD426DE2CD /* Assets.xcassets in Resources */ = {isa = PBXBuildFile; fileRef = C5EEA4E28EA0069BAB9F84EA /* Assets.xcassets */; };
		C5EEA8FB1D20E98DF400BEE2 /* AppDelegate.swift in Sources */ = {isa = PBXBuildFile; fileRef = C5EEAB568504B77E8374D2A1 /* AppDelegate.swift */; };
		C5EEAA158CAF4F9A3B170D30 /* ViewController.swift in Sources */ = {isa = PBXBuildFile; fileRef = C5EEAB158F1E9DC2EB16371F /* ViewController.swift */; };
		C5EEACFD183E6C484FE9E7CE /* LaunchScreen.storyboard in Resources */ = {isa = PBXBuildFile; fileRef = C5EEABA648AB07C76B975A2B /* LaunchScreen.storyboard */; };
		C5EEAEE73C5F78A5B01D21A2 /* Main.storyboard in Resources */ = {isa = PBXBuildFile; fileRef = C5EEA47E42E0AF516D0866EA /* Main.storyboard */; };
/* End PBXBuildFile section */

/* Begin PBXFileReference section */
		2BB011068484791550DE0543 /* Pods_HelloLayout.framework */ = {isa = PBXFileReference; explicitFileType = wrapper.framework; includeInIndex = 0; path = Pods_HelloLayout.framework; sourceTree = BUILT_PRODUCTS_DIR; };
		780C88FC245DC8BB74C10B6A /* Pods-HelloLayout.debug.xcconfig */ = {isa = PBXFileReference; includeInIndex = 1; lastKnownFileType = text.xcconfig; name = "Pods-HelloLayout.debug.xcconfig"; path = "Target Support Files/Pods-HelloLayout/Pods-HelloLayout.debug.xcconfig"; sourceTree = "<group>"; };
		C5EEA09FB96230D41ABE6D0C /* HelloLayout.app */ = {isa = PBXFileReference; explicitFileType = wrapper.application; includeInIndex = 0; path = HelloLayout.app; sourceTree = BUILT_PRODUCTS_DIR; };
		C5EEA39ACEB52E63D41847BA /* Base */ = {isa = PBXFileReference; lastKnownFileType = file.storyboard; name = Base; path = Base.lproj/LaunchScreen.storyboard; sourceTree = "<group>"; };
		C5EEA4E28EA0069BAB9F84EA /* Assets.xcassets */ = {isa = PBXFileReference; lastKnownFileType = folder.assetcatalog; path = Assets.xcassets; sourceTree = "<group>"; };
		C5EEAB158F1E9DC2EB16371F /* ViewController.swift */ = {isa = PBXFileReference; lastKnownFileType = sourcecode.swift; path = ViewController.swift; sourceTree = "<group>"; };
		C5EEAB568504B77E8374D2A1 /* AppDelegate.swift */ = {isa = PBXFileReference; lastKnownFileType = sourcecode.swift; path = AppDelegate.swift; sourceTree = "<group>"; };
		C5EEAC3D2B4C2D9CDCC448D1 /* Base */ = {isa = PBXFileReference; lastKnownFileType = file.storyboard; name = Base; path = Base.lproj/Main.storyboard; sourceTree = "<group>"; };
		C5EEAE6C0C77135306E8C2BF /* Info.plist */ = {isa = PBXFileReference; lastKnownFileType = text.plist.info; path = Info.plist; sourceTree = "<group>"; };
		E3778349891B56A601FDC5C7 /* Pods-HelloLayout.release.xcconfig */ = {isa = PBXFileReference; includeInIndex = 1; lastKnownFileType = text.xcconfig; name = "Pods-HelloLayout.release.xcconfig"; path = "Target Support Files/Pods-HelloLayout/Pods-HelloLayout.release.xcconfig"; sourceTree = "<group>"; };
/* End PBXFileReference section */

/* Begin PBXFrameworksBuildPhase section */
		C5EEA6E7867B69F96CE36FE1 /* Frameworks */ = {
			isa = PBXFrameworksBuildPhase;
			buildActionMask = 2147483647;
			files = (
				52EDD721C2D977B18673F0AD /* Pods_HelloLayout.framework in Frameworks */,
			);
			runOnlyForDeploymentPostprocessing = 0;
		};
/* End PBXFrameworksBuildPhase section */

/* Begin PBXGroup section */
		152D8F3F26C335DEE04883B5 /* Pods */ = {
			isa = PBXGroup;
			children = (
				780C88FC245DC8BB74C10B6A /* Pods-HelloLayout.debug.xcconfig */,
				E3778349891B56A601FDC5C7 /* Pods-HelloLayout.release.xcconfig */,
			);
			name = Pods;
			path = Pods;
			sourceTree = "<group>";
		};
		3C4D5138747CD91BA020808E /* Frameworks */ = {
			isa = PBXGroup;
			children = (
				2BB011068484791550DE0543 /* Pods_HelloLayout.framework */,
			);
			name = Frameworks;
			sourceTree = "<group>";
		};
		C5EEA127877184AD0AE41102 = {
			isa = PBXGroup;
			children = (
				C5EEAB3E7FA0530D2AF6E617 /* Products */,
				C5EEA6191F89A1FA696666D2 /* HelloLayout */,
				152D8F3F26C335DEE04883B5 /* Pods */,
				3C4D5138747CD91BA020808E /* Frameworks */,
			);
			sourceTree = "<group>";
		};
		C5EEA6191F89A1FA696666D2 /* HelloLayout */ = {
			isa = PBXGroup;
			children = (
				C5EEAE6C0C77135306E8C2BF /* Info.plist */,
				C5EEA4E28EA0069BAB9F84EA /* Assets.xcassets */,
				C5EEABA648AB07C76B975A2B /* LaunchScreen.storyboard */,
				C5EEAB568504B77E8374D2A1 /* AppDelegate.swift */,
				C5EEA47E42E0AF516D0866EA /* Main.storyboard */,
				C5EEAB158F1E9DC2EB16371F /* ViewController.swift */,
			);
			path = HelloLayout;
			sourceTree = "<group>";
		};
		C5EEAB3E7FA0530D2AF6E617 /* Products */ = {
			isa = PBXGroup;
			children = (
				C5EEA09FB96230D41ABE6D0C /* HelloLayout.app */,
			);
			name = Products;
			sourceTree = "<group>";
		};
/* End PBXGroup section */

/* Begin PBXNativeTarget section */
		C5EEA806E363F0D9D478C0E4 /* HelloLayout */ = {
			isa = PBXNativeTarget;
			buildConfigurationList = C5EEA9199A55D84131E5FB71 /* Build configuration list for PBXNativeTarget "HelloLayout" */;
			buildPhases = (
				76A2CA5F97E648D3D3B7900F /* [CP] Check Pods Manifest.lock */,
				C5EEA80DBF989A2193871B28 /* Sources */,
				C5EEA6E7867B69F96CE36FE1 /* Frameworks */,
				C5EEA4283260B8CA1880074A /* Resources */,
				D4064CA0B326EDE8AD124E65 /* [CP] Embed Pods Frameworks */,
			);
			buildRules = (
			);
			dependencies = (
			);
			name = HelloLayout;
			productName = HelloLayout;
			productReference = C5EEA09FB96230D41ABE6D0C /* HelloLayout.app */;
			productType = "com.apple.product-type.application";
		};
/* End PBXNativeTarget section */

/* Begin PBXProject section */
		C5EEA38F3D15143BA936D9B1 /* Project object */ = {
			isa = PBXProject;
			attributes = {
				ORGANIZATIONNAME = yet.net;
			};
			buildConfigurationList = C5EEABD80377940E285BC690 /* Build configuration list for PBXProject "HelloLayout" */;
			compatibilityVersion = "Xcode 3.2";
			developmentRegion = English;
			hasScannedForEncodings = 0;
			knownRegions = (
				en,
			);
			mainGroup = C5EEA127877184AD0AE41102;
			productRefGroup = C5EEAB3E7FA0530D2AF6E617 /* Products */;
			projectDirPath = "";
			projectRoot = "";
			targets = (
				C5EEA806E363F0D9D478C0E4 /* HelloLayout */,
			);
		};
/* End PBXProject section */

/* Begin PBXResourcesBuildPhase section */
		C5EEA4283260B8CA1880074A /* Resources */ = {
			isa = PBXResourcesBuildPhase;
			buildActionMask = 2147483647;
			files = (
				C5EEA51F2AF7D6CD426DE2CD /* Assets.xcassets in Resources */,
				C5EEACFD183E6C484FE9E7CE /* LaunchScreen.storyboard in Resources */,
				C5EEAEE73C5F78A5B01D21A2 /* Main.storyboard in Resources */,
			);
			runOnlyForDeploymentPostprocessing = 0;
		};
/* End PBXResourcesBuildPhase section */

/* Begin PBXShellScriptBuildPhase section */
		76A2CA5F97E648D3D3B7900F /* [CP] Check Pods Manifest.lock */ = {
			isa = PBXShellScriptBuildPhase;
			buildActionMask = 2147483647;
			files = (
			);
			inputFileListPaths = (
			);
			inputPaths = (
				"${PODS_PODFILE_DIR_PATH}/Podfile.lock",
				"${PODS_ROOT}/Manifest.lock",
			);
			name = "[CP] Check Pods Manifest.lock";
			outputFileListPaths = (
			);
			outputPaths = (
				"$(DERIVED_FILE_DIR)/Pods-HelloLayout-checkManifestLockResult.txt",
			);
			runOnlyForDeploymentPostprocessing = 0;
			shellPath = /bin/sh;
			shellScript = "diff \"${PODS_PODFILE_DIR_PATH}/Podfile.lock\" \"${PODS_ROOT}/Manifest.lock\" > /dev/null\nif [ $? != 0 ] ; then\n    # print error to STDERR\n    echo \"error: The sandbox is not in sync with the Podfile.lock. Run 'pod install' or update your CocoaPods installation.\" >&2\n    exit 1\nfi\n# This output is used by Xcode 'outputs' to avoid re-running this script phase.\necho \"SUCCESS\" > \"${SCRIPT_OUTPUT_FILE_0}\"\n";
			showEnvVarsInLog = 0;
		};
		D4064CA0B326EDE8AD124E65 /* [CP] Embed Pods Frameworks */ = {
			isa = PBXShellScriptBuildPhase;
			buildActionMask = 2147483647;
			files = (
			);
			inputFileListPaths = (
			);
			inputPaths = (
				"${PODS_ROOT}/Target Support Files/Pods-HelloLayout/Pods-HelloLayout-frameworks.sh",
				"${BUILT_PRODUCTS_DIR}/YetLayout/YetLayout.framework",
			);
			name = "[CP] Embed Pods Frameworks";
			outputFileListPaths = (
			);
			outputPaths = (
				"${TARGET_BUILD_DIR}/${FRAMEWORKS_FOLDER_PATH}/YetLayout.framework",
			);
			runOnlyForDeploymentPostprocessing = 0;
			shellPath = /bin/sh;
			shellScript = "\"${PODS_ROOT}/Target Support Files/Pods-HelloLayout/Pods-HelloLayout-frameworks.sh\"\n";
			showEnvVarsInLog = 0;
		};
/* End PBXShellScriptBuildPhase section */

/* Begin PBXSourcesBuildPhase section */
		C5EEA80DBF989A2193871B28 /* Sources */ = {
			isa = PBXSourcesBuildPhase;
			buildActionMask = 2147483647;
			files = (
				C5EEA8FB1D20E98DF400BEE2 /* AppDelegate.swift in Sources */,
				C5EEAA158CAF4F9A3B170D30 /* ViewController.swift in Sources */,
			);
			runOnlyForDeploymentPostprocessing = 0;
		};
/* End PBXSourcesBuildPhase section */

/* Begin PBXVariantGroup section */
		C5EEA47E42E0AF516D0866EA /* Main.storyboard */ = {
			isa = PBXVariantGroup;
			children = (
				C5EEAC3D2B4C2D9CDCC448D1 /* Base */,
			);
			name = Main.storyboard;
			sourceTree = "<group>";
		};
		C5EEABA648AB07C76B975A2B /* LaunchScreen.storyboard */ = {
			isa = PBXVariantGroup;
			children = (
				C5EEA39ACEB52E63D41847BA /* Base */,
			);
			name = LaunchScreen.storyboard;
			sourceTree = "<group>";
		};
/* End PBXVariantGroup section */

/* Begin XCBuildConfiguration section */
		C5EEA13B25C37107988A000F /* Release */ = {
			isa = XCBuildConfiguration;
			buildSettings = {
				ALWAYS_SEARCH_USER_PATHS = NO;
				CLANG_ANALYZER_NONNULL = YES;
				CLANG_ANALYZER_NUMBER_OBJECT_CONVERSION = YES_AGGRESSIVE;
				CLANG_CXX_LANGUAGE_STANDARD = "gnu++14";
				CLANG_CXX_LIBRARY = "libc++";
				CLANG_ENABLE_MODULES = YES;
				CLANG_ENABLE_OBJC_ARC = YES;
				CLANG_ENABLE_OBJC_WEAK = YES;
				CLANG_WARN_BLOCK_CAPTURE_AUTORELEASING = YES;
				CLANG_WARN_BOOL_CONVERSION = YES;
				CLANG_WARN_COMMA = YES;
				CLANG_WARN_CONSTANT_CONVERSION = YES;
				CLANG_WARN_DEPRECATED_OBJC_IMPLEMENTATIONS = YES;
				CLANG_WARN_DIRECT_OBJC_ISA_USAGE = YES_ERROR;
				CLANG_WARN_DOCUMENTATION_COMMENTS = YES;
				CLANG_WARN_EMPTY_BODY = YES;
				CLANG_WARN_ENUM_CONVERSION = YES;
				CLANG_WARN_INFINITE_RECURSION = YES;
				CLANG_WARN_INT_CONVERSION = YES;
				CLANG_WARN_NON_LITERAL_NULL_CONVERSION = YES;
				CLANG_WARN_OBJC_IMPLICIT_RETAIN_SELF = YES;
				CLANG_WARN_OBJC_LITERAL_CONVERSION = YES;
				CLANG_WARN_OBJC_ROOT_CLASS = YES_ERROR;
				CLANG_WARN_RANGE_LOOP_ANALYSIS = YES;
				CLANG_WARN_STRICT_PROTOTYPES = YES;
				CLANG_WARN_SUSPICIOUS_MOVE = YES;
				CLANG_WARN_UNGUARDED_AVAILABILITY = YES_AGGRESSIVE;
				CLANG_WARN_UNREACHABLE_CODE = YES;
				CLANG_WARN__DUPLICATE_METHOD_MATCH = YES;
				CODE_SIGN_IDENTITY = "iPhone Developer";
				COPY_PHASE_STRIP = NO;
				DEBUG_INFORMATION_FORMAT = "dwarf-with-dsym";
				ENABLE_NS_ASSERTIONS = NO;
				ENABLE_STRICT_OBJC_MSGSEND = YES;
				GCC_C_LANGUAGE_STANDARD = gnu11;
				GCC_NO_COMMON_BLOCKS = YES;
				GCC_WARN_64_TO_32_BIT_CONVERSION = YES;
				GCC_WARN_ABOUT_RETURN_TYPE = YES_ERROR;
				GCC_WARN_UNDECLARED_SELECTOR = YES;
				GCC_WARN_UNINITIALIZED_AUTOS = YES_AGGRESSIVE;
				GCC_WARN_UNUSED_FUNCTION = YES;
				GCC_WARN_UNUSED_VARIABLE = YES;
				IPHONEOS_DEPLOYMENT_TARGET = 12.1;
				MTL_ENABLE_DEBUG_INFO = NO;
				MTL_FAST_MATH = YES;
				SDKROOT = iphoneos;
				SWIFT_COMPILATION_MODE = wholemodule;
				SWIFT_OPTIMIZATION_LEVEL = "-O";
				VALIDATE_PRODUCT = YES;
			};
			name = Release;
		};
		C5EEAC691E3C1657322768C1 /* Debug */ = {
			isa = XCBuildConfiguration;
			buildSettings = {
				ALWAYS_SEARCH_USER_PATHS = NO;
				CLANG_ANALYZER_NONNULL = YES;
				CLANG_ANALYZER_NUMBER_OBJECT_CONVERSION = YES_AGGRESSIVE;
				CLANG_CXX_LANGUAGE_STANDARD = "gnu++14";
				CLANG_CXX_LIBRARY = "libc++";
				CLANG_ENABLE_MODULES = YES;
				CLANG_ENABLE_OBJC_ARC = YES;
				CLANG_ENABLE_OBJC_WEAK = YES;
				CLANG_WARN_BLOCK_CAPTURE_AUTORELEASING = YES;
				CLANG_WARN_BOOL_CONVERSION = YES;
				CLANG_WARN_COMMA = YES;
				CLANG_WARN_CONSTANT_CONVERSION = YES;
				CLANG_WARN_DEPRECATED_OBJC_IMPLEMENTATIONS = YES;
				CLANG_WARN_DIRECT_OBJC_ISA_USAGE = YES_ERROR;
				CLANG_WARN_DOCUMENTATION_COMMENTS = YES;
				CLANG_WARN_EMPTY_BODY = YES;
				CLANG_WARN_ENUM_CONVERSION = YES;
				CLANG_WARN_INFINITE_RECURSION = YES;
				CLANG_WARN_INT_CONVERSION = YES;
				CLANG_WARN_NON_LITERAL_NULL_CONVERSION = YES;
				CLANG_WARN_OBJC_IMPLICIT_RETAIN_SELF = YES;
				CLANG_WARN_OBJC_LITERAL_CONVERSION = YES;
				CLANG_WARN_OBJC_ROOT_CLASS = YES_ERROR;
				CLANG_WARN_RANGE_LOOP_ANALYSIS = YES;
				CLANG_WARN_STRICT_PROTOTYPES = YES;
				CLANG_WARN_SUSPICIOUS_MOVE = YES;
				CLANG_WARN_UNGUARDED_AVAILABILITY = YES_AGGRESSIVE;
				CLANG_WARN_UNREACHABLE_CODE = YES;
				CLANG_WARN__DUPLICATE_METHOD_MATCH = YES;
				CODE_SIGN_IDENTITY = "iPhone Developer";
				COPY_PHASE_STRIP = NO;
				DEBUG_INFORMATION_FORMAT = dwarf;
				ENABLE_STRICT_OBJC_MSGSEND = YES;
				ENABLE_TESTABILITY = YES;
				GCC_C_LANGUAGE_STANDARD = gnu11;
				GCC_DYNAMIC_NO_PIC = NO;
				GCC_NO_COMMON_BLOCKS = YES;
				GCC_OPTIMIZATION_LEVEL = 0;
				GCC_PREPROCESSOR_DEFINITIONS = (
					"DEBUG=1",
					"$(inherited)",
				);
				GCC_WARN_64_TO_32_BIT_CONVERSION = YES;
				GCC_WARN_ABOUT_RETURN_TYPE = YES_ERROR;
				GCC_WARN_UNDECLARED_SELECTOR = YES;
				GCC_WARN_UNINITIALIZED_AUTOS = YES_AGGRESSIVE;
				GCC_WARN_UNUSED_FUNCTION = YES;
				GCC_WARN_UNUSED_VARIABLE = YES;
				IPHONEOS_DEPLOYMENT_TARGET = 12.1;
				MTL_ENABLE_DEBUG_INFO = INCLUDE_SOURCE;
				MTL_FAST_MATH = YES;
				ONLY_ACTIVE_ARCH = YES;
				SDKROOT = iphoneos;
				SWIFT_ACTIVE_COMPILATION_CONDITIONS = DEBUG;
				SWIFT_OPTIMIZATION_LEVEL = "-Onone";
			};
			name = Debug;
		};
		C5EEADC44E402DFC8BA7B3F2 /* Debug */ = {
			isa = XCBuildConfiguration;
			baseConfigurationReference = 780C88FC245DC8BB74C10B6A /* Pods-HelloLayout.debug.xcconfig */;
			buildSettings = {
				ASSETCATALOG_COMPILER_APPICON_NAME = AppIcon;
				INFOPLIST_FILE = HelloLayout/Info.plist;
				LD_RUNPATH_SEARCH_PATHS = "$(inherited) @executable_path/Frameworks";
				PRODUCT_BUNDLE_IDENTIFIER = net.yet.HelloLayout;
				PRODUCT_NAME = "$(TARGET_NAME)";
				SWIFT_VERSION = 4.2;
				TARGETED_DEVICE_FAMILY = "1,2";
			};
			name = Debug;
		};
		C5EEAFFE493A0D77287CC0C5 /* Release */ = {
			isa = XCBuildConfiguration;
			baseConfigurationReference = E3778349891B56A601FDC5C7 /* Pods-HelloLayout.release.xcconfig */;
			buildSettings = {
				ASSETCATALOG_COMPILER_APPICON_NAME = AppIcon;
				INFOPLIST_FILE = HelloLayout/Info.plist;
				LD_RUNPATH_SEARCH_PATHS = "$(inherited) @executable_path/Frameworks";
				PRODUCT_BUNDLE_IDENTIFIER = net.yet.HelloLayout;
				PRODUCT_NAME = "$(TARGET_NAME)";
				SWIFT_VERSION = 4.2;
				TARGETED_DEVICE_FAMILY = "1,2";
			};
			name = Release;
		};
/* End XCBuildConfiguration section */

/* Begin XCConfigurationList section */
		C5EEA9199A55D84131E5FB71 /* Build configuration list for PBXNativeTarget "HelloLayout" */ = {
			isa = XCConfigurationList;
			buildConfigurations = (
				C5EEADC44E402DFC8BA7B3F2 /* Debug */,
				C5EEAFFE493A0D77287CC0C5 /* Release */,
			);
			defaultConfigurationIsVisible = 0;
		};
		C5EEABD80377940E285BC690 /* Build configuration list for PBXProject "HelloLayout" */ = {
			isa = XCConfigurationList;
			buildConfigurations = (
				C5EEAC691E3C1657322768C1 /* Debug */,
				C5EEA13B25C37107988A000F /* Release */,
			);
			defaultConfigurationIsVisible = 0;
			defaultConfigurationName = Release;
		};
/* End XCConfigurationList section */
	};
	rootObject = C5EEA38F3D15143BA936D9B1 /* Project object */;
}
